
Microsoft Visual Studio Solution File, Format Version 12.00
# Visual Studio 15
VisualStudioVersion = 15.0.28010.2026
MinimumVisualStudioVersion = 10.0.40219.1
Project("{FAE04EC0-301F-11D3-BF4B-00C04F79EFBC}") = "DVCSExercise", "DVCSExercise\DVCSExercise.csproj", "{73075460-A934-4C04-8694-9BD97B8D9D70}"
EndProject
Global
	GlobalSection(SolutionConfigurationPlatforms) = preSolution
		Debug|Any CPU = Debug|Any CPU
		Release|Any CPU = Release|Any CPU
	EndGlobalSection
	GlobalSection(ProjectConfigurationPlatforms) = postSolution
		{73075460-A934-4C04-8694-9BD97B8D9D70}.Debug|Any CPU.ActiveCfg = Debug|Any CPU
		{73075460-A934-4C04-8694-9BD97B8D9D70}.Debug|Any CPU.Build.0 = Debug|Any CPU
		{73075460-A934-4C04-8694-9BD97B8D9D70}.Release|Any CPU.ActiveCfg = Release|Any CPU
		{73075460-A934-4C04-8694-9BD97B8D9D70}.Release|Any CPU.Build.0 = Release|Any CPU
	EndGlobalSection
	GlobalSection(SolutionProperties) = preSolution
		HideSolutionNode = FALSE
	EndGlobalSection
	GlobalSection(ExtensibilityGlobals) = postSolution
		SolutionGuid = {C7BD032F-CCC1-43A7-994E-D7E6E4CA151C}
	EndGlobalSection
EndGlobal
